
Microsoft Visual Studio Solution File, Format Version 12.00
# Visual Studio Version 16
VisualStudioVersion = 16.0.29709.97
MinimumVisualStudioVersion = 10.0.40219.1
Project("{FAE04EC0-301F-11D3-BF4B-00C04F79EFBC}") = "Lab4_1", "Lab4_1.csproj", "{8C96CDD2-815A-4720-AD23-911F43AAC570}"
EndProject
Global
	GlobalSection(SolutionConfigurationPlatforms) = preSolution
		Debug|Any CPU = Debug|Any CPU
		Release|Any CPU = Release|Any CPU
	EndGlobalSection
	GlobalSection(ProjectConfigurationPlatforms) = postSolution
		{8C96CDD2-815A-4720-AD23-911F43AAC570}.Debug|Any CPU.ActiveCfg = Debug|Any CPU
		{8C96CDD2-815A-4720-AD23-911F43AAC570}.Debug|Any CPU.Build.0 = Debug|Any CPU
		{8C96CDD2-815A-4720-AD23-911F43AAC570}.Release|Any CPU.ActiveCfg = Release|Any CPU
		{8C96CDD2-815A-4720-AD23-911F43AAC570}.Release|Any CPU.Build.0 = Release|Any CPU
	EndGlobalSection
	GlobalSection(SolutionProperties) = preSolution
		HideSolutionNode = FALSE
	EndGlobalSection
	GlobalSection(ExtensibilityGlobals) = postSolution
		SolutionGuid = {8EE38E57-A6A7-4489-9B86-1745096541A5}
	EndGlobalSection
EndGlobal
